
Microsoft Visual Studio Solution File, Format Version 12.00
# Visual Studio 15
VisualStudioVersion = 15.0.27703.2000
MinimumVisualStudioVersion = 10.0.40219.1
Project("{2150E333-8FDC-42A3-9474-1A3956D46DE8}") = "ClassWork", "ClassWork", "{2184EB23-F2F0-46C1-88FE-BCE3FFE3C0AA}"
EndProject
Project("{2150E333-8FDC-42A3-9474-1A3956D46DE8}") = "HomeWork", "HomeWork", "{CEFCA7AB-9858-4957-B062-11C0B949EB82}"
EndProject
Project("{2150E333-8FDC-42A3-9474-1A3956D46DE8}") = "1", "1", "{E24B8DE5-9793-4D7A-BC6F-C453039D4A22}"
EndProject
Project("{2150E333-8FDC-42A3-9474-1A3956D46DE8}") = "1", "1", "{66B87921-6803-4FD2-8FA6-4294080083D9}"
EndProject
Project("{FAE04EC0-301F-11D3-BF4B-00C04F79EFBC}") = "HW_Lecture_1_2", "HW_Lecture_1_2\HW_Lecture_1_2.csproj", "{E4EBDE92-EDD5-45A5-85F4-401B23127CFB}"
EndProject
Project("{FAE04EC0-301F-11D3-BF4B-00C04F79EFBC}") = "CW_Lecture_1_3", "CW_Lecture_1_3\CW_Lecture_1_3.csproj", "{68306E97-541A-45D8-8616-0CC9FEB031C0}"
EndProject
Project("{FAE04EC0-301F-11D3-BF4B-00C04F79EFBC}") = "HW_Lecture_1_3", "HW_Lecture_1_3\HW_Lecture_1_3.csproj", "{8947D60D-78E7-476F-AE97-BF783E4CD2C6}"
EndProject
Project("{FAE04EC0-301F-11D3-BF4B-00C04F79EFBC}") = "CW_Lecture_1_4", "CW_Lecture_1_4\CW_Lecture_1_4.csproj", "{B74A04D9-E4C1-4833-8B98-09A87A5E8C3A}"
EndProject
Project("{FAE04EC0-301F-11D3-BF4B-00C04F79EFBC}") = "HW_Lecture_1_4", "HW_Lecture_1_4\HW_Lecture_1_4.csproj", "{A1199E06-AF85-41D9-BADC-C0F76097E6B3}"
EndProject
Project("{FAE04EC0-301F-11D3-BF4B-00C04F79EFBC}") = "CW_Lecture_1_5", "CW_Lecture_1_5\CW_Lecture_1_5.csproj", "{EBDF629B-3EFE-49F0-8CF8-657E40D2AA7E}"
EndProject
Project("{FAE04EC0-301F-11D3-BF4B-00C04F79EFBC}") = "HW_Lecture_1_5", "HW_Lecture_1_5\HW_Lecture_1_5.csproj", "{A9FC88F5-DFEA-4438-AEB3-4EC41E6F2995}"
EndProject
Project("{FAE04EC0-301F-11D3-BF4B-00C04F79EFBC}") = "CW_Lecture_1_6", "CW_Lecture_1_6\CW_Lecture_1_6.csproj", "{36CB7120-6C2E-456A-996E-061A435C923A}"
EndProject
Project("{FAE04EC0-301F-11D3-BF4B-00C04F79EFBC}") = "HW_Lecture_1_6", "HW_Lecture_1_6\HW_Lecture_1_6.csproj", "{C6C9CEE1-F5D3-4132-BEA1-5CCA0124108B}"
EndProject
Project("{FAE04EC0-301F-11D3-BF4B-00C04F79EFBC}") = "CW_Lecture_1_7", "CW_Lecture_1_7\CW_Lecture_1_7.csproj", "{56D1461C-B066-4D2D-A5C4-4A1A6C6675E5}"
EndProject
Project("{FAE04EC0-301F-11D3-BF4B-00C04F79EFBC}") = "HW_Lecture_1_7", "HW_Lecture_1_7\HW_Lecture_1_7.csproj", "{60B9D2B1-83B0-476A-A7D9-2916823CF8BC}"
EndProject
Project("{FAE04EC0-301F-11D3-BF4B-00C04F79EFBC}") = "Shared", "Shared\Shared.csproj", "{2AFC16E3-908E-479A-8FAE-48139589DB69}"
EndProject
Project("{FAE04EC0-301F-11D3-BF4B-00C04F79EFBC}") = "CW_Lecture_1_8", "CW_Lecture_1_8\CW_Lecture_1_8.csproj", "{BC807E8B-FA2E-40D3-8A67-13DBA0B597E3}"
EndProject
Project("{FAE04EC0-301F-11D3-BF4B-00C04F79EFBC}") = "HW_Lecture_1_8", "HW_Lecture_1_8\HW_Lecture_1_8.csproj", "{4C451771-3D05-484C-BEDD-AE7DFA229BEE}"
EndProject
Project("{FAE04EC0-301F-11D3-BF4B-00C04F79EFBC}") = "CW_Lecture_1_9", "CW_Lecture_1_9\CW_Lecture_1_9.csproj", "{3B9A0680-558F-4B3B-AC94-03FDD673B909}"
EndProject
Project("{FAE04EC0-301F-11D3-BF4B-00C04F79EFBC}") = "HW_Lecture_1_9", "HW_Lecture_1_9\HW_Lecture_1_9.csproj", "{83F631E9-38E6-44DA-BFF6-5E60DC621F94}"
EndProject
Project("{2150E333-8FDC-42A3-9474-1A3956D46DE8}") = "2", "2", "{A7E4BED8-8084-493D-AAE8-76E460E21480}"
EndProject
Project("{FAE04EC0-301F-11D3-BF4B-00C04F79EFBC}") = "CW_Lecture_2_1", "CW_Lecture_2_1\CW_Lecture_2_1.csproj", "{DA13EE23-A61A-466C-976B-7CDA3E28EE21}"
EndProject
Global
	GlobalSection(SolutionConfigurationPlatforms) = preSolution
		Debug|Any CPU = Debug|Any CPU
		Release|Any CPU = Release|Any CPU
	EndGlobalSection
	GlobalSection(ProjectConfigurationPlatforms) = postSolution
		{E4EBDE92-EDD5-45A5-85F4-401B23127CFB}.Debug|Any CPU.ActiveCfg = Debug|Any CPU
		{E4EBDE92-EDD5-45A5-85F4-401B23127CFB}.Debug|Any CPU.Build.0 = Debug|Any CPU
		{E4EBDE92-EDD5-45A5-85F4-401B23127CFB}.Release|Any CPU.ActiveCfg = Release|Any CPU
		{E4EBDE92-EDD5-45A5-85F4-401B23127CFB}.Release|Any CPU.Build.0 = Release|Any CPU
		{68306E97-541A-45D8-8616-0CC9FEB031C0}.Debug|Any CPU.ActiveCfg = Debug|Any CPU
		{68306E97-541A-45D8-8616-0CC9FEB031C0}.Debug|Any CPU.Build.0 = Debug|Any CPU
		{68306E97-541A-45D8-8616-0CC9FEB031C0}.Release|Any CPU.ActiveCfg = Release|Any CPU
		{68306E97-541A-45D8-8616-0CC9FEB031C0}.Release|Any CPU.Build.0 = Release|Any CPU
		{8947D60D-78E7-476F-AE97-BF783E4CD2C6}.Debug|Any CPU.ActiveCfg = Debug|Any CPU
		{8947D60D-78E7-476F-AE97-BF783E4CD2C6}.Debug|Any CPU.Build.0 = Debug|Any CPU
		{8947D60D-78E7-476F-AE97-BF783E4CD2C6}.Release|Any CPU.ActiveCfg = Release|Any CPU
		{8947D60D-78E7-476F-AE97-BF783E4CD2C6}.Release|Any CPU.Build.0 = Release|Any CPU
		{B74A04D9-E4C1-4833-8B98-09A87A5E8C3A}.Debug|Any CPU.ActiveCfg = Debug|Any CPU
		{B74A04D9-E4C1-4833-8B98-09A87A5E8C3A}.Debug|Any CPU.Build.0 = Debug|Any CPU
		{B74A04D9-E4C1-4833-8B98-09A87A5E8C3A}.Release|Any CPU.ActiveCfg = Release|Any CPU
		{B74A04D9-E4C1-4833-8B98-09A87A5E8C3A}.Release|Any CPU.Build.0 = Release|Any CPU
		{A1199E06-AF85-41D9-BADC-C0F76097E6B3}.Debug|Any CPU.ActiveCfg = Debug|Any CPU
		{A1199E06-AF85-41D9-BADC-C0F76097E6B3}.Debug|Any CPU.Build.0 = Debug|Any CPU
		{A1199E06-AF85-41D9-BADC-C0F76097E6B3}.Release|Any CPU.ActiveCfg = Release|Any CPU
		{A1199E06-AF85-41D9-BADC-C0F76097E6B3}.Release|Any CPU.Build.0 = Release|Any CPU
		{EBDF629B-3EFE-49F0-8CF8-657E40D2AA7E}.Debug|Any CPU.ActiveCfg = Debug|Any CPU
		{EBDF629B-3EFE-49F0-8CF8-657E40D2AA7E}.Debug|Any CPU.Build.0 = Debug|Any CPU
		{EBDF629B-3EFE-49F0-8CF8-657E40D2AA7E}.Release|Any CPU.ActiveCfg = Release|Any CPU
		{EBDF629B-3EFE-49F0-8CF8-657E40D2AA7E}.Release|Any CPU.Build.0 = Release|Any CPU
		{A9FC88F5-DFEA-4438-AEB3-4EC41E6F2995}.Debug|Any CPU.ActiveCfg = Debug|Any CPU
		{A9FC88F5-DFEA-4438-AEB3-4EC41E6F2995}.Debug|Any CPU.Build.0 = Debug|Any CPU
		{A9FC88F5-DFEA-4438-AEB3-4EC41E6F2995}.Release|Any CPU.ActiveCfg = Release|Any CPU
		{A9FC88F5-DFEA-4438-AEB3-4EC41E6F2995}.Release|Any CPU.Build.0 = Release|Any CPU
		{36CB7120-6C2E-456A-996E-061A435C923A}.Debug|Any CPU.ActiveCfg = Debug|Any CPU
		{36CB7120-6C2E-456A-996E-061A435C923A}.Debug|Any CPU.Build.0 = Debug|Any CPU
		{36CB7120-6C2E-456A-996E-061A435C923A}.Release|Any CPU.ActiveCfg = Release|Any CPU
		{36CB7120-6C2E-456A-996E-061A435C923A}.Release|Any CPU.Build.0 = Release|Any CPU
		{C6C9CEE1-F5D3-4132-BEA1-5CCA0124108B}.Debug|Any CPU.ActiveCfg = Debug|Any CPU
		{C6C9CEE1-F5D3-4132-BEA1-5CCA0124108B}.Debug|Any CPU.Build.0 = Debug|Any CPU
		{C6C9CEE1-F5D3-4132-BEA1-5CCA0124108B}.Release|Any CPU.ActiveCfg = Release|Any CPU
		{C6C9CEE1-F5D3-4132-BEA1-5CCA0124108B}.Release|Any CPU.Build.0 = Release|Any CPU
		{56D1461C-B066-4D2D-A5C4-4A1A6C6675E5}.Debug|Any CPU.ActiveCfg = Debug|Any CPU
		{56D1461C-B066-4D2D-A5C4-4A1A6C6675E5}.Debug|Any CPU.Build.0 = Debug|Any CPU
		{56D1461C-B066-4D2D-A5C4-4A1A6C6675E5}.Release|Any CPU.ActiveCfg = Release|Any CPU
		{56D1461C-B066-4D2D-A5C4-4A1A6C6675E5}.Release|Any CPU.Build.0 = Release|Any CPU
		{60B9D2B1-83B0-476A-A7D9-2916823CF8BC}.Debug|Any CPU.ActiveCfg = Debug|Any CPU
		{60B9D2B1-83B0-476A-A7D9-2916823CF8BC}.Debug|Any CPU.Build.0 = Debug|Any CPU
		{60B9D2B1-83B0-476A-A7D9-2916823CF8BC}.Release|Any CPU.ActiveCfg = Release|Any CPU
		{60B9D2B1-83B0-476A-A7D9-2916823CF8BC}.Release|Any CPU.Build.0 = Release|Any CPU
		{2AFC16E3-908E-479A-8FAE-48139589DB69}.Debug|Any CPU.ActiveCfg = Debug|Any CPU
		{2AFC16E3-908E-479A-8FAE-48139589DB69}.Debug|Any CPU.Build.0 = Debug|Any CPU
		{2AFC16E3-908E-479A-8FAE-48139589DB69}.Release|Any CPU.ActiveCfg = Release|Any CPU
		{2AFC16E3-908E-479A-8FAE-48139589DB69}.Release|Any CPU.Build.0 = Release|Any CPU
		{BC807E8B-FA2E-40D3-8A67-13DBA0B597E3}.Debug|Any CPU.ActiveCfg = Debug|Any CPU
		{BC807E8B-FA2E-40D3-8A67-13DBA0B597E3}.Debug|Any CPU.Build.0 = Debug|Any CPU
		{BC807E8B-FA2E-40D3-8A67-13DBA0B597E3}.Release|Any CPU.ActiveCfg = Release|Any CPU
		{BC807E8B-FA2E-40D3-8A67-13DBA0B597E3}.Release|Any CPU.Build.0 = Release|Any CPU
		{4C451771-3D05-484C-BEDD-AE7DFA229BEE}.Debug|Any CPU.ActiveCfg = Debug|Any CPU
		{4C451771-3D05-484C-BEDD-AE7DFA229BEE}.Debug|Any CPU.Build.0 = Debug|Any CPU
		{4C451771-3D05-484C-BEDD-AE7DFA229BEE}.Release|Any CPU.ActiveCfg = Release|Any CPU
		{4C451771-3D05-484C-BEDD-AE7DFA229BEE}.Release|Any CPU.Build.0 = Release|Any CPU
		{3B9A0680-558F-4B3B-AC94-03FDD673B909}.Debug|Any CPU.ActiveCfg = Debug|Any CPU
		{3B9A0680-558F-4B3B-AC94-03FDD673B909}.Debug|Any CPU.Build.0 = Debug|Any CPU
		{3B9A0680-558F-4B3B-AC94-03FDD673B909}.Release|Any CPU.ActiveCfg = Release|Any CPU
		{3B9A0680-558F-4B3B-AC94-03FDD673B909}.Release|Any CPU.Build.0 = Release|Any CPU
		{83F631E9-38E6-44DA-BFF6-5E60DC621F94}.Debug|Any CPU.ActiveCfg = Debug|Any CPU
		{83F631E9-38E6-44DA-BFF6-5E60DC621F94}.Debug|Any CPU.Build.0 = Debug|Any CPU
		{83F631E9-38E6-44DA-BFF6-5E60DC621F94}.Release|Any CPU.ActiveCfg = Release|Any CPU
		{83F631E9-38E6-44DA-BFF6-5E60DC621F94}.Release|Any CPU.Build.0 = Release|Any CPU
		{DA13EE23-A61A-466C-976B-7CDA3E28EE21}.Debug|Any CPU.ActiveCfg = Debug|Any CPU
		{DA13EE23-A61A-466C-976B-7CDA3E28EE21}.Debug|Any CPU.Build.0 = Debug|Any CPU
		{DA13EE23-A61A-466C-976B-7CDA3E28EE21}.Release|Any CPU.ActiveCfg = Release|Any CPU
		{DA13EE23-A61A-466C-976B-7CDA3E28EE21}.Release|Any CPU.Build.0 = Release|Any CPU
	EndGlobalSection
	GlobalSection(SolutionProperties) = preSolution
		HideSolutionNode = FALSE
	EndGlobalSection
	GlobalSection(NestedProjects) = preSolution
		{E24B8DE5-9793-4D7A-BC6F-C453039D4A22} = {2184EB23-F2F0-46C1-88FE-BCE3FFE3C0AA}
		{66B87921-6803-4FD2-8FA6-4294080083D9} = {CEFCA7AB-9858-4957-B062-11C0B949EB82}
		{E4EBDE92-EDD5-45A5-85F4-401B23127CFB} = {66B87921-6803-4FD2-8FA6-4294080083D9}
		{68306E97-541A-45D8-8616-0CC9FEB031C0} = {E24B8DE5-9793-4D7A-BC6F-C453039D4A22}
		{8947D60D-78E7-476F-AE97-BF783E4CD2C6} = {66B87921-6803-4FD2-8FA6-4294080083D9}
		{B74A04D9-E4C1-4833-8B98-09A87A5E8C3A} = {E24B8DE5-9793-4D7A-BC6F-C453039D4A22}
		{A1199E06-AF85-41D9-BADC-C0F76097E6B3} = {66B87921-6803-4FD2-8FA6-4294080083D9}
		{EBDF629B-3EFE-49F0-8CF8-657E40D2AA7E} = {E24B8DE5-9793-4D7A-BC6F-C453039D4A22}
		{A9FC88F5-DFEA-4438-AEB3-4EC41E6F2995} = {66B87921-6803-4FD2-8FA6-4294080083D9}
		{36CB7120-6C2E-456A-996E-061A435C923A} = {E24B8DE5-9793-4D7A-BC6F-C453039D4A22}
		{C6C9CEE1-F5D3-4132-BEA1-5CCA0124108B} = {66B87921-6803-4FD2-8FA6-4294080083D9}
		{56D1461C-B066-4D2D-A5C4-4A1A6C6675E5} = {E24B8DE5-9793-4D7A-BC6F-C453039D4A22}
		{60B9D2B1-83B0-476A-A7D9-2916823CF8BC} = {66B87921-6803-4FD2-8FA6-4294080083D9}
		{BC807E8B-FA2E-40D3-8A67-13DBA0B597E3} = {E24B8DE5-9793-4D7A-BC6F-C453039D4A22}
		{4C451771-3D05-484C-BEDD-AE7DFA229BEE} = {66B87921-6803-4FD2-8FA6-4294080083D9}
		{3B9A0680-558F-4B3B-AC94-03FDD673B909} = {E24B8DE5-9793-4D7A-BC6F-C453039D4A22}
		{83F631E9-38E6-44DA-BFF6-5E60DC621F94} = {66B87921-6803-4FD2-8FA6-4294080083D9}
		{A7E4BED8-8084-493D-AAE8-76E460E21480} = {2184EB23-F2F0-46C1-88FE-BCE3FFE3C0AA}
		{DA13EE23-A61A-466C-976B-7CDA3E28EE21} = {A7E4BED8-8084-493D-AAE8-76E460E21480}
	EndGlobalSection
	GlobalSection(ExtensibilityGlobals) = postSolution
		SolutionGuid = {8144C33E-0504-4162-BD77-A9A22D466F25}
	EndGlobalSection
EndGlobal
